{
  "name": "@liqd-js/phonenumber",
  "version": "1.0.2",
  "lockfileVersion": 2,
  "requires": true,
  "packages": {
    "": {
      "name": "@liqd-js/phonenumber",
      "version": "1.0.2",
      "license": "MIT",
      "dependencies": {
        "awesome-phonenumber": "^6.2.0"
      }
    },
    "node_modules/awesome-phonenumber": {
      "version": "6.2.0",
      "resolved": "https://registry.npmjs.org/awesome-phonenumber/-/awesome-phonenumber-6.2.0.tgz",
      "integrity": "sha512-JSFTjZhWxKHUWAOQU+oBJ86Xf89vJpF82w6iuE9lEybeQzYKFs+zVKjOwzevFBfLjiXf72DsWESA+daVUBrhHw==",
      "engines": {
        "node": ">=18"
      }
    }
  },
  "dependencies": {
    "awesome-phonenumber": {
      "version": "6.2.0",
      "resolved": "https://registry.npmjs.org/awesome-phonenumber/-/awesome-phonenumber-6.2.0.tgz",
      "integrity": "sha512-JSFTjZhWxKHUWAOQU+oBJ86Xf89vJpF82w6iuE9lEybeQzYKFs+zVKjOwzevFBfLjiXf72DsWESA+daVUBrhHw=="
    }
  }
}
