{
  "name": "@liqd-js/phonenumber",
  "version": "1.0.0",
  "lockfileVersion": 2,
  "requires": true,
  "packages": {
    "": {
      "name": "@liqd-js/phonenumber",
      "version": "1.0.0",
      "license": "MIT",
      "dependencies": {
        "awesome-phonenumber": "^2.70.0"
      }
    },
    "node_modules/awesome-phonenumber": {
      "version": "2.70.0",
      "resolved": "https://registry.npmjs.org/awesome-phonenumber/-/awesome-phonenumber-2.70.0.tgz",
      "integrity": "sha512-VlYfAmfPYKhNqr87zoMEBCDCQvtdlRysvMSfDsZV+KaSse+gZMnRImWa049Eb1l1CfrAtzFXLzSRgXI1qfPwXA==",
      "engines": {
        "node": ">=12"
      }
    }
  },
  "dependencies": {
    "awesome-phonenumber": {
      "version": "2.70.0",
      "resolved": "https://registry.npmjs.org/awesome-phonenumber/-/awesome-phonenumber-2.70.0.tgz",
      "integrity": "sha512-VlYfAmfPYKhNqr87zoMEBCDCQvtdlRysvMSfDsZV+KaSse+gZMnRImWa049Eb1l1CfrAtzFXLzSRgXI1qfPwXA=="
    }
  }
}
